PODS:
  - ASCollectionComponent (0.2.0):
    - Texture/Core
  - Expecta (1.0.6)
  - "Expecta+Snapshots (3.1.1)":
    - Expecta (~> 1.0)
    - FBSnapshotTestCase/Core (~> 2.0)
    - Specta (~> 1.0)
  - FBSnapshotTestCase (2.1.4):
    - FBSnapshotTestCase/SwiftSupport (= 2.1.4)
  - FBSnapshotTestCase/Core (2.1.4)
  - FBSnapshotTestCase/SwiftSupport (2.1.4):
    - FBSnapshotTestCase/Core
  - LookinServer (1.1.0):
    - LookinServer/Core (= 1.1.0)
  - LookinServer/Core (1.1.0)
  - Masonry (1.1.0)
  - Specta (1.0.7)
  - Texture/Core (3.1.0)

DEPENDENCIES:
  - ASCollectionComponent (from `../`)
  - Expecta
  - "Expecta+Snapshots"
  - FBSnapshotTestCase
  - LookinServer
  - Masonry
  - Specta

SPEC REPOS:
  trunk:
    - Expecta
    - "Expecta+Snapshots"
    - FBSnapshotTestCase
    - LookinServer
    - Masonry
    - Specta
    - Texture

EXTERNAL SOURCES:
  ASCollectionComponent:
    :path: "../"

SPEC CHECKSUMS:
  ASCollectionComponent: 5788c81c96bb5d63c567ae6f19c85504121942d3
  Expecta: 3b6bd90a64b9a1dcb0b70aa0e10a7f8f631667d5
  "Expecta+Snapshots": dcff217eef506dabd6dfdc7864ea2da321fafbb8
  FBSnapshotTestCase: 094f9f314decbabe373b87cc339bea235a63e07a
  LookinServer: ba3d1d39c40e5b036862e47137606618d210227e
  Masonry: 678fab65091a9290e40e2832a55e7ab731aad201
  Specta: 3e1bd89c3517421982dc4d1c992503e48bd5fe66
  Texture: 2e8ab2519452515f7f5a520f5a8f7e0a413abfa3

PODFILE CHECKSUM: d1eb46ef0fe883a4a9eef32929d42e6dc2a46139

COCOAPODS: 1.11.3
